
Microsoft Visual Studio Solution File, Format Version 12.00
# Visual Studio Version 16
VisualStudioVersion = 16.0.31624.102
MinimumVisualStudioVersion = 10.0.40219.1
Project("{FAE04EC0-301F-11D3-BF4B-00C04F79EFBC}") = "Test", "Test\Test.csproj", "{BFA830B9-3F46-4D05-B850-D648C9ACB32A}"
EndProject
Global
	GlobalSection(SolutionConfigurationPlatforms) = preSolution
		Debug|Any CPU = Debug|Any CPU
		Release|Any CPU = Release|Any CPU
	EndGlobalSection
	GlobalSection(ProjectConfigurationPlatforms) = postSolution
		{BFA830B9-3F46-4D05-B850-D648C9ACB32A}.Debug|Any CPU.ActiveCfg = Debug|Any CPU
		{BFA830B9-3F46-4D05-B850-D648C9ACB32A}.Debug|Any CPU.Build.0 = Debug|Any CPU
		{BFA830B9-3F46-4D05-B850-D648C9ACB32A}.Release|Any CPU.ActiveCfg = Release|Any CPU
		{BFA830B9-3F46-4D05-B850-D648C9ACB32A}.Release|Any CPU.Build.0 = Release|Any CPU
	EndGlobalSection
	GlobalSection(SolutionProperties) = preSolution
		HideSolutionNode = FALSE
	EndGlobalSection
	GlobalSection(ExtensibilityGlobals) = postSolution
		SolutionGuid = {A81B1B5B-ABEC-41B4-9291-60136AE44965}
	EndGlobalSection
EndGlobal
